
Microsoft Visual Studio Solution File, Format Version 12.00
# Visual Studio Version 17
VisualStudioVersion = 17.11.35312.102
MinimumVisualStudioVersion = 10.0.40219.1
Project("{FAE04EC0-301F-11D3-BF4B-00C04F79EFBC}") = "PC_GUI", "PC_GUI.csproj", "{EFC42199-12E5-4E1A-A079-4D692B16ECE4}"
EndProject
Project("{FAE04EC0-301F-11D3-BF4B-00C04F79EFBC}") = "PC_BLL", "..\PC_BLL\PC_BLL.csproj", "{2D765E26-B02B-4910-97C6-7CEBADF60441}"
EndProject
Project("{FAE04EC0-301F-11D3-BF4B-00C04F79EFBC}") = "PC_DAL", "..\PC_DAL\PC_DAL.csproj", "{E30D283E-E4D5-4BA8-AB7B-4BCDA0E00497}"
EndProject
Project("{FAE04EC0-301F-11D3-BF4B-00C04F79EFBC}") = "PC_DTO", "..\PC_DTO\PC_DTO.csproj", "{A1AEE8A6-7605-43B0-BE8B-27DCF33B7D75}"
EndProject
Global
	GlobalSection(SolutionConfigurationPlatforms) = preSolution
		Debug|Any CPU = Debug|Any CPU
		Release|Any CPU = Release|Any CPU
	EndGlobalSection
	GlobalSection(ProjectConfigurationPlatforms) = postSolution
		{EFC42199-12E5-4E1A-A079-4D692B16ECE4}.Debug|Any CPU.ActiveCfg = Debug|Any CPU
		{EFC42199-12E5-4E1A-A079-4D692B16ECE4}.Debug|Any CPU.Build.0 = Debug|Any CPU
		{EFC42199-12E5-4E1A-A079-4D692B16ECE4}.Release|Any CPU.ActiveCfg = Release|Any CPU
		{EFC42199-12E5-4E1A-A079-4D692B16ECE4}.Release|Any CPU.Build.0 = Release|Any CPU
		{2D765E26-B02B-4910-97C6-7CEBADF60441}.Debug|Any CPU.ActiveCfg = Debug|Any CPU
		{2D765E26-B02B-4910-97C6-7CEBADF60441}.Debug|Any CPU.Build.0 = Debug|Any CPU
		{2D765E26-B02B-4910-97C6-7CEBADF60441}.Release|Any CPU.ActiveCfg = Release|Any CPU
		{2D765E26-B02B-4910-97C6-7CEBADF60441}.Release|Any CPU.Build.0 = Release|Any CPU
		{E30D283E-E4D5-4BA8-AB7B-4BCDA0E00497}.Debug|Any CPU.ActiveCfg = Debug|Any CPU
		{E30D283E-E4D5-4BA8-AB7B-4BCDA0E00497}.Debug|Any CPU.Build.0 = Debug|Any CPU
		{E30D283E-E4D5-4BA8-AB7B-4BCDA0E00497}.Release|Any CPU.ActiveCfg = Release|Any CPU
		{E30D283E-E4D5-4BA8-AB7B-4BCDA0E00497}.Release|Any CPU.Build.0 = Release|Any CPU
		{A1AEE8A6-7605-43B0-BE8B-27DCF33B7D75}.Debug|Any CPU.ActiveCfg = Debug|Any CPU
		{A1AEE8A6-7605-43B0-BE8B-27DCF33B7D75}.Debug|Any CPU.Build.0 = Debug|Any CPU
		{A1AEE8A6-7605-43B0-BE8B-27DCF33B7D75}.Release|Any CPU.ActiveCfg = Release|Any CPU
		{A1AEE8A6-7605-43B0-BE8B-27DCF33B7D75}.Release|Any CPU.Build.0 = Release|Any CPU
	EndGlobalSection
	GlobalSection(SolutionProperties) = preSolution
		HideSolutionNode = FALSE
	EndGlobalSection
	GlobalSection(ExtensibilityGlobals) = postSolution
		SolutionGuid = {473CA727-EA67-4DC3-84D6-D0FFA8C7FEEB}
	EndGlobalSection
EndGlobal
